// !$*UTF8*$!
{
	archiveVersion = 1;
	classes = {
	};
	objectVersion = 46;
	objects = {

/* Begin PBXBuildFile section */
		040983D71D88451A005823AE /* AppDelegate.swift in Sources */ = {isa = PBXBuildFile; fileRef = 040983D61D88451A005823AE /* AppDelegate.swift */; };
		040983DC1D88451A005823AE /* Main.storyboard in Resources */ = {isa = PBXBuildFile; fileRef = 040983DA1D88451A005823AE /* Main.storyboard */; };
		040983DE1D88451A005823AE /* Assets.xcassets in Resources */ = {isa = PBXBuildFile; fileRef = 040983DD1D88451A005823AE /* Assets.xcassets */; };
		040983E11D88451A005823AE /* LaunchScreen.storyboard in Resources */ = {isa = PBXBuildFile; fileRef = 040983DF1D88451A005823AE /* LaunchScreen.storyboard */; };
		040983E91D884789005823AE /* MainVC.swift in Sources */ = {isa = PBXBuildFile; fileRef = 040983E81D884789005823AE /* MainVC.swift */; };
		040983EB1D8852CD005823AE /* APIHelper.swift in Sources */ = {isa = PBXBuildFile; fileRef = 040983EA1D8852CD005823AE /* APIHelper.swift */; };
/* End PBXBuildFile section */

/* Begin PBXFileReference section */
		040983D31D88451A005823AE /* State App.app */ = {isa = PBXFileReference; explicitFileType = wrapper.application; includeInIndex = 0; path = "State App.app"; sourceTree = BUILT_PRODUCTS_DIR; };
		040983D61D88451A005823AE /* AppDelegate.swift */ = {isa = PBXFileReference; lastKnownFileType = sourcecode.swift; path = AppDelegate.swift; sourceTree = "<group>"; };
		040983DB1D88451A005823AE /* Base */ = {isa = PBXFileReference; lastKnownFileType = file.storyboard; name = Base; path = Base.lproj/Main.storyboard; sourceTree = "<group>"; };
		040983DD1D88451A005823AE /* Assets.xcassets */ = {isa = PBXFileReference; lastKnownFileType = folder.assetcatalog; path = Assets.xcassets; sourceTree = "<group>"; };
		040983E01D88451A005823AE /* Base */ = {isa = PBXFileReference; lastKnownFileType = file.storyboard; name = Base; path = Base.lproj/LaunchScreen.storyboard; sourceTree = "<group>"; };
		040983E21D88451A005823AE /* Info.plist */ = {isa = PBXFileReference; lastKnownFileType = text.plist.xml; path = Info.plist; sourceTree = "<group>"; };
		040983E81D884789005823AE /* MainVC.swift */ = {isa = PBXFileReference; fileEncoding = 4; lastKnownFileType = sourcecode.swift; name = MainVC.swift; path = ../MainVC.swift; sourceTree = "<group>"; };
		040983EA1D8852CD005823AE /* APIHelper.swift */ = {isa = PBXFileReference; fileEncoding = 4; lastKnownFileType = sourcecode.swift; name = APIHelper.swift; path = ../APIHelper.swift; sourceTree = "<group>"; };
		0461E2F31D89971800A9201A /* README.md */ = {isa = PBXFileReference; fileEncoding = 4; lastKnownFileType = net.daringfireball.markdown; path = README.md; sourceTree = SOURCE_ROOT; };
/* End PBXFileReference section */

/* Begin PBXFrameworksBuildPhase section */
		040983D01D88451A005823AE /* Frameworks */ = {
			isa = PBXFrameworksBuildPhase;
			buildActionMask = 2147483647;
			files = (
			);
			runOnlyForDeploymentPostprocessing = 0;
		};
/* End PBXFrameworksBuildPhase section */

/* Begin PBXGroup section */
		040983CA1D88451A005823AE = {
			isa = PBXGroup;
			children = (
				040983D51D88451A005823AE /* State App */,
				040983D41D88451A005823AE /* Products */,
			);
			sourceTree = "<group>";
		};
		040983D41D88451A005823AE /* Products */ = {
			isa = PBXGroup;
			children = (
				040983D31D88451A005823AE /* State App.app */,
			);
			name = Products;
			sourceTree = "<group>";
		};
		040983D51D88451A005823AE /* State App */ = {
			isa = PBXGroup;
			children = (
				0461E2F31D89971800A9201A /* README.md */,
				040983D61D88451A005823AE /* AppDelegate.swift */,
				040983DA1D88451A005823AE /* Main.storyboard */,
				040983DD1D88451A005823AE /* Assets.xcassets */,
				040983DF1D88451A005823AE /* LaunchScreen.storyboard */,
				040983E21D88451A005823AE /* Info.plist */,
				040983E81D884789005823AE /* MainVC.swift */,
				040983EA1D8852CD005823AE /* APIHelper.swift */,
			);
			path = "State App";
			sourceTree = "<group>";
		};
/* End PBXGroup section */

/* Begin PBXNativeTarget section */
		040983D21D88451A005823AE /* State App */ = {
			isa = PBXNativeTarget;
			buildConfigurationList = 040983E51D88451A005823AE /* Build configuration list for PBXNativeTarget "State App" */;
			buildPhases = (
				040983CF1D88451A005823AE /* Sources */,
				040983D01D88451A005823AE /* Frameworks */,
				040983D11D88451A005823AE /* Resources */,
			);
			buildRules = (
			);
			dependencies = (
			);
			name = "State App";
			productName = "State App";
			productReference = 040983D31D88451A005823AE /* State App.app */;
			productType = "com.apple.product-type.application";
		};
/* End PBXNativeTarget section */

/* Begin PBXProject section */
		040983CB1D88451A005823AE /* Project object */ = {
			isa = PBXProject;
			attributes = {
				LastSwiftUpdateCheck = 0730;
				LastUpgradeCheck = 0730;
				ORGANIZATIONNAME = Neil;
				TargetAttributes = {
					040983D21D88451A005823AE = {
						CreatedOnToolsVersion = 7.3;
					};
				};
			};
			buildConfigurationList = 040983CE1D88451A005823AE /* Build configuration list for PBXProject "State App" */;
			compatibilityVersion = "Xcode 3.2";
			developmentRegion = English;
			hasScannedForEncodings = 0;
			knownRegions = (
				en,
				Base,
			);
			mainGroup = 040983CA1D88451A005823AE;
			productRefGroup = 040983D41D88451A005823AE /* Products */;
			projectDirPath = "";
			projectRoot = "";
			targets = (
				040983D21D88451A005823AE /* State App */,
			);
		};
/* End PBXProject section */

/* Begin PBXResourcesBuildPhase section */
		040983D11D88451A005823AE /* Resources */ = {
			isa = PBXResourcesBuildPhase;
			buildActionMask = 2147483647;
			files = (
				040983E11D88451A005823AE /* LaunchScreen.storyboard in Resources */,
				040983DE1D88451A005823AE /* Assets.xcassets in Resources */,
				040983DC1D88451A005823AE /* Main.storyboard in Resources */,
			);
			runOnlyForDeploymentPostprocessing = 0;
		};
/* End PBXResourcesBuildPhase section */

/* Begin PBXSourcesBuildPhase section */
		040983CF1D88451A005823AE /* Sources */ = {
			isa = PBXSourcesBuildPhase;
			buildActionMask = 2147483647;
			files = (
				040983EB1D8852CD005823AE /* APIHelper.swift in Sources */,
				040983D71D88451A005823AE /* AppDelegate.swift in Sources */,
				040983E91D884789005823AE /* MainVC.swift in Sources */,
			);
			runOnlyForDeploymentPostprocessing = 0;
		};
/* End PBXSourcesBuildPhase section */

/* Begin PBXVariantGroup section */
		040983DA1D88451A005823AE /* Main.storyboard */ = {
			isa = PBXVariantGroup;
			children = (
				040983DB1D88451A005823AE /* Base */,
			);
			name = Main.storyboard;
			sourceTree = "<group>";
		};
		040983DF1D88451A005823AE /* LaunchScreen.storyboard */ = {
			isa = PBXVariantGroup;
			children = (
				040983E01D88451A005823AE /* Base */,
			);
			name = LaunchScreen.storyboard;
			sourceTree = "<group>";
		};
/* End PBXVariantGroup section */

/* Begin XCBuildConfiguration section */
		040983E31D88451A005823AE /* Debug */ = {
			isa = XCBuildConfiguration;
			buildSettings = {
				ALWAYS_SEARCH_USER_PATHS = NO;
				CLANG_ANALYZER_NONNULL = YES;
				CLANG_CXX_LANGUAGE_STANDARD = "gnu++0x";
				CLANG_CXX_LIBRARY = "libc++";
				CLANG_ENABLE_MODULES = YES;
				CLANG_ENABLE_OBJC_ARC = YES;
				CLANG_WARN_BOOL_CONVERSION = YES;
				CLANG_WARN_CONSTANT_CONVERSION = YES;
				CLANG_WARN_DIRECT_OBJC_ISA_USAGE = YES_ERROR;
				CLANG_WARN_EMPTY_BODY = YES;
				CLANG_WARN_ENUM_CONVERSION = YES;
				CLANG_WARN_INT_CONVERSION = YES;
				CLANG_WARN_OBJC_ROOT_CLASS = YES_ERROR;
				CLANG_WARN_UNREACHABLE_CODE = YES;
				CLANG_WARN__DUPLICATE_METHOD_MATCH = YES;
				"CODE_SIGN_IDENTITY[sdk=iphoneos*]" = "iPhone Developer";
				COPY_PHASE_STRIP = NO;
				DEBUG_INFORMATION_FORMAT = dwarf;
				ENABLE_STRICT_OBJC_MSGSEND = YES;
				ENABLE_TESTABILITY = YES;
				GCC_C_LANGUAGE_STANDARD = gnu99;
				GCC_DYNAMIC_NO_PIC = NO;
				GCC_NO_COMMON_BLOCKS = YES;
				GCC_OPTIMIZATION_LEVEL = 0;
				GCC_PREPROCESSOR_DEFINITIONS = (
					"DEBUG=1",
					"$(inherited)",
				);
				GCC_WARN_64_TO_32_BIT_CONVERSION = YES;
				GCC_WARN_ABOUT_RETURN_TYPE = YES_ERROR;
				GCC_WARN_UNDECLARED_SELECTOR = YES;
				GCC_WARN_UNINITIALIZED_AUTOS = YES_AGGRESSIVE;
				GCC_WARN_UNUSED_FUNCTION = YES;
				GCC_WARN_UNUSED_VARIABLE = YES;
				IPHONEOS_DEPLOYMENT_TARGET = 9.3;
				MTL_ENABLE_DEBUG_INFO = YES;
				ONLY_ACTIVE_ARCH = YES;
				SDKROOT = iphoneos;
				SWIFT_OPTIMIZATION_LEVEL = "-Onone";
			};
			name = Debug;
		};
		040983E41D88451A005823AE /* Release */ = {
			isa = XCBuildConfiguration;
			buildSettings = {
				ALWAYS_SEARCH_USER_PATHS = NO;
				CLANG_ANALYZER_NONNULL = YES;
				CLANG_CXX_LANGUAGE_STANDARD = "gnu++0x";
				CLANG_CXX_LIBRARY = "libc++";
				CLANG_ENABLE_MODULES = YES;
				CLANG_ENABLE_OBJC_ARC = YES;
				CLANG_WARN_BOOL_CONVERSION = YES;
				CLANG_WARN_CONSTANT_CONVERSION = YES;
				CLANG_WARN_DIRECT_OBJC_ISA_USAGE = YES_ERROR;
				CLANG_WARN_EMPTY_BODY = YES;
				CLANG_WARN_ENUM_CONVERSION = YES;
				CLANG_WARN_INT_CONVERSION = YES;
				CLANG_WARN_OBJC_ROOT_CLASS = YES_ERROR;
				CLANG_WARN_UNREACHABLE_CODE = YES;
				CLANG_WARN__DUPLICATE_METHOD_MATCH = YES;
				"CODE_SIGN_IDENTITY[sdk=iphoneos*]" = "iPhone Developer";
				COPY_PHASE_STRIP = NO;
				DEBUG_INFORMATION_FORMAT = "dwarf-with-dsym";
				ENABLE_NS_ASSERTIONS = NO;
				ENABLE_STRICT_OBJC_MSGSEND = YES;
				GCC_C_LANGUAGE_STANDARD = gnu99;
				GCC_NO_COMMON_BLOCKS = YES;
				GCC_WARN_64_TO_32_BIT_CONVERSION = YES;
				GCC_WARN_ABOUT_RETURN_TYPE = YES_ERROR;
				GCC_WARN_UNDECLARED_SELECTOR = YES;
				GCC_WARN_UNINITIALIZED_AUTOS = YES_AGGRESSIVE;
				GCC_WARN_UNUSED_FUNCTION = YES;
				GCC_WARN_UNUSED_VARIABLE = YES;
				IPHONEOS_DEPLOYMENT_TARGET = 9.3;
				MTL_ENABLE_DEBUG_INFO = NO;
				SDKROOT = iphoneos;
				VALIDATE_PRODUCT = YES;
			};
			name = Release;
		};
		040983E61D88451A005823AE /* Debug */ = {
			isa = XCBuildConfiguration;
			buildSettings = {
				ASSETCATALOG_COMPILER_APPICON_NAME = AppIcon;
				INFOPLIST_FILE = "State App/Info.plist";
				LD_RUNPATH_SEARCH_PATHS = "$(inherited) @executable_path/Frameworks";
				PRODUCT_BUNDLE_IDENTIFIER = "com.state-app.State-App";
				PRODUCT_NAME = "$(TARGET_NAME)";
			};
			name = Debug;
		};
		040983E71D88451A005823AE /* Release */ = {
			isa = XCBuildConfiguration;
			buildSettings = {
				ASSETCATALOG_COMPILER_APPICON_NAME = AppIcon;
				INFOPLIST_FILE = "State App/Info.plist";
				LD_RUNPATH_SEARCH_PATHS = "$(inherited) @executable_path/Frameworks";
				PRODUCT_BUNDLE_IDENTIFIER = "com.state-app.State-App";
				PRODUCT_NAME = "$(TARGET_NAME)";
			};
			name = Release;
		};
/* End XCBuildConfiguration section */

/* Begin XCConfigurationList section */
		040983CE1D88451A005823AE /* Build configuration list for PBXProject "State App" */ = {
			isa = XCConfigurationList;
			buildConfigurations = (
				040983E31D88451A005823AE /* Debug */,
				040983E41D88451A005823AE /* Release */,
			);
			defaultConfigurationIsVisible = 0;
			defaultConfigurationName = Release;
		};
		040983E51D88451A005823AE /* Build configuration list for PBXNativeTarget "State App" */ = {
			isa = XCConfigurationList;
			buildConfigurations = (
				040983E61D88451A005823AE /* Debug */,
				040983E71D88451A005823AE /* Release */,
			);
			defaultConfigurationIsVisible = 0;
			defaultConfigurationName = Release;
		};
/* End XCConfigurationList section */
	};
	rootObject = 040983CB1D88451A005823AE /* Project object */;
}
